# THIS IS AN AUTOGENERATED FILE. DO NOT EDIT THIS FILE DIRECTLY.
# yarn lockfile v1


zod@^3.24.4:
  version "3.24.4"
  resolved "https://registry.yarnpkg.com/zod/-/zod-3.24.4.tgz#e2e2cca5faaa012d76e527d0d36622e0a90c315f"
  integrity sha512-OdqJE9UDRPwWsrHjLN2F8bPxvwJBK22EHLWtanu0LSYr5YqzsaaW3RMgmjwr8Rypg5k+meEJdSPXJZXE/yqOMg==
